// !$*UTF8*$!
{
	archiveVersion = 1;
	classes = {
	};
	objectVersion = 48;
	objects = {

/* Begin PBXBuildFile section */
		1828C5FE1F724ED100669C54 /* AppDelegate.m in Sources */ = {isa = PBXBuildFile; fileRef = 1828C5FD1F724ED100669C54 /* AppDelegate.m */; };
		1828C6011F724ED100669C54 /* ViewController.m in Sources */ = {isa = PBXBuildFile; fileRef = 1828C6001F724ED100669C54 /* ViewController.m */; };
		1828C6041F724ED100669C54 /* Main.storyboard in Resources */ = {isa = PBXBuildFile; fileRef = 1828C6021F724ED100669C54 /* Main.storyboard */; };
		1828C6061F724ED100669C54 /* Assets.xcassets in Resources */ = {isa = PBXBuildFile; fileRef = 1828C6051F724ED100669C54 /* Assets.xcassets */; };
		1828C6091F724ED100669C54 /* LaunchScreen.storyboard in Resources */ = {isa = PBXBuildFile; fileRef = 1828C6071F724ED100669C54 /* LaunchScreen.storyboard */; };
		1828C60C1F724ED100669C54 /* main.m in Sources */ = {isa = PBXBuildFile; fileRef = 1828C60B1F724ED100669C54 /* main.m */; };
		1828C6161F724ED100669C54 /* gitTestDemoTests.m in Sources */ = {isa = PBXBuildFile; fileRef = 1828C6151F724ED100669C54 /* gitTestDemoTests.m */; };
		1828C6211F724ED100669C54 /* gitTestDemoUITests.m in Sources */ = {isa = PBXBuildFile; fileRef = 1828C6201F724ED100669C54 /* gitTestDemoUITests.m */; };
/* End PBXBuildFile section */

/* Begin PBXContainerItemProxy section */
		1828C6121F724ED100669C54 /* PBXContainerItemProxy */ = {
			isa = PBXContainerItemProxy;
			containerPortal = 1828C5F11F724ED100669C54 /* Project object */;
			proxyType = 1;
			remoteGlobalIDString = 1828C5F81F724ED100669C54;
			remoteInfo = gitTestDemo;
		};
		1828C61D1F724ED100669C54 /* PBXContainerItemProxy */ = {
			isa = PBXContainerItemProxy;
			containerPortal = 1828C5F11F724ED100669C54 /* Project object */;
			proxyType = 1;
			remoteGlobalIDString = 1828C5F81F724ED100669C54;
			remoteInfo = gitTestDemo;
		};
/* End PBXContainerItemProxy section */

/* Begin PBXFileReference section */
		1828C5F91F724ED100669C54 /* gitTestDemo.app */ = {isa = PBXFileReference; explicitFileType = wrapper.application; includeInIndex = 0; path = gitTestDemo.app; sourceTree = BUILT_PRODUCTS_DIR; };
		1828C5FC1F724ED100669C54 /* AppDelegate.h */ = {isa = PBXFileReference; lastKnownFileType = sourcecode.c.h; path = AppDelegate.h; sourceTree = "<group>"; };
		1828C5FD1F724ED100669C54 /* AppDelegate.m */ = {isa = PBXFileReference; lastKnownFileType = sourcecode.c.objc; path = AppDelegate.m; sourceTree = "<group>"; };
		1828C5FF1F724ED100669C54 /* ViewController.h */ = {isa = PBXFileReference; lastKnownFileType = sourcecode.c.h; path = ViewController.h; sourceTree = "<group>"; };
		1828C6001F724ED100669C54 /* ViewController.m */ = {isa = PBXFileReference; lastKnownFileType = sourcecode.c.objc; path = ViewController.m; sourceTree = "<group>"; };
		1828C6031F724ED100669C54 /* Base */ = {isa = PBXFileReference; lastKnownFileType = file.storyboard; name = Base; path = Base.lproj/Main.storyboard; sourceTree = "<group>"; };
		1828C6051F724ED100669C54 /* Assets.xcassets */ = {isa = PBXFileReference; lastKnownFileType = folder.assetcatalog; path = Assets.xcassets; sourceTree = "<group>"; };
		1828C6081F724ED100669C54 /* Base */ = {isa = PBXFileReference; lastKnownFileType = file.storyboard; name = Base; path = Base.lproj/LaunchScreen.storyboard; sourceTree = "<group>"; };
		1828C60A1F724ED100669C54 /* Info.plist */ = {isa = PBXFileReference; lastKnownFileType = text.plist.xml; path = Info.plist; sourceTree = "<group>"; };
		1828C60B1F724ED100669C54 /* main.m */ = {isa = PBXFileReference; lastKnownFileType = sourcecode.c.objc; path = main.m; sourceTree = "<group>"; };
		1828C6111F724ED100669C54 /* gitTestDemoTests.xctest */ = {isa = PBXFileReference; explicitFileType = wrapper.cfbundle; includeInIndex = 0; path = gitTestDemoTests.xctest; sourceTree = BUILT_PRODUCTS_DIR; };
		1828C6151F724ED100669C54 /* gitTestDemoTests.m */ = {isa = PBXFileReference; lastKnownFileType = sourcecode.c.objc; path = gitTestDemoTests.m; sourceTree = "<group>"; };
		1828C6171F724ED100669C54 /* Info.plist */ = {isa = PBXFileReference; lastKnownFileType = text.plist.xml; path = Info.plist; sourceTree = "<group>"; };
		1828C61C1F724ED100669C54 /* gitTestDemoUITests.xctest */ = {isa = PBXFileReference; explicitFileType = wrapper.cfbundle; includeInIndex = 0; path = gitTestDemoUITests.xctest; sourceTree = BUILT_PRODUCTS_DIR; };
		1828C6201F724ED100669C54 /* gitTestDemoUITests.m */ = {isa = PBXFileReference; lastKnownFileType = sourcecode.c.objc; path = gitTestDemoUITests.m; sourceTree = "<group>"; };
		1828C6221F724ED100669C54 /* Info.plist */ = {isa = PBXFileReference; lastKnownFileType = text.plist.xml; path = Info.plist; sourceTree = "<group>"; };
/* End PBXFileReference section */

/* Begin PBXFrameworksBuildPhase section */
		1828C5F61F724ED100669C54 /* Frameworks */ = {
			isa = PBXFrameworksBuildPhase;
			buildActionMask = 2147483647;
			files = (
			);
			runOnlyForDeploymentPostprocessing = 0;
		};
		1828C60E1F724ED100669C54 /* Frameworks */ = {
			isa = PBXFrameworksBuildPhase;
			buildActionMask = 2147483647;
			files = (
			);
			runOnlyForDeploymentPostprocessing = 0;
		};
		1828C6191F724ED100669C54 /* Frameworks */ = {
			isa = PBXFrameworksBuildPhase;
			buildActionMask = 2147483647;
			files = (
			);
			runOnlyForDeploymentPostprocessing = 0;
		};
/* End PBXFrameworksBuildPhase section */

/* Begin PBXGroup section */
		1828C5F01F724ED100669C54 = {
			isa = PBXGroup;
			children = (
				1828C5FB1F724ED100669C54 /* gitTestDemo */,
				1828C6141F724ED100669C54 /* gitTestDemoTests */,
				1828C61F1F724ED100669C54 /* gitTestDemoUITests */,
				1828C5FA1F724ED100669C54 /* Products */,
			);
			sourceTree = "<group>";
		};
		1828C5FA1F724ED100669C54 /* Products */ = {
			isa = PBXGroup;
			children = (
				1828C5F91F724ED100669C54 /* gitTestDemo.app */,
				1828C6111F724ED100669C54 /* gitTestDemoTests.xctest */,
				1828C61C1F724ED100669C54 /* gitTestDemoUITests.xctest */,
			);
			name = Products;
			sourceTree = "<group>";
		};
		1828C5FB1F724ED100669C54 /* gitTestDemo */ = {
			isa = PBXGroup;
			children = (
				1828C5FC1F724ED100669C54 /* AppDelegate.h */,
				1828C5FD1F724ED100669C54 /* AppDelegate.m */,
				1828C5FF1F724ED100669C54 /* ViewController.h */,
				1828C6001F724ED100669C54 /* ViewController.m */,
				1828C6021F724ED100669C54 /* Main.storyboard */,
				1828C6051F724ED100669C54 /* Assets.xcassets */,
				1828C6071F724ED100669C54 /* LaunchScreen.storyboard */,
				1828C60A1F724ED100669C54 /* Info.plist */,
				1828C60B1F724ED100669C54 /* main.m */,
			);
			path = gitTestDemo;
			sourceTree = "<group>";
		};
		1828C6141F724ED100669C54 /* gitTestDemoTests */ = {
			isa = PBXGroup;
			children = (
				1828C6151F724ED100669C54 /* gitTestDemoTests.m */,
				1828C6171F724ED100669C54 /* Info.plist */,
			);
			path = gitTestDemoTests;
			sourceTree = "<group>";
		};
		1828C61F1F724ED100669C54 /* gitTestDemoUITests */ = {
			isa = PBXGroup;
			children = (
				1828C6201F724ED100669C54 /* gitTestDemoUITests.m */,
				1828C6221F724ED100669C54 /* Info.plist */,
			);
			path = gitTestDemoUITests;
			sourceTree = "<group>";
		};
/* End PBXGroup section */

/* Begin PBXNativeTarget section */
		1828C5F81F724ED100669C54 /* gitTestDemo */ = {
			isa = PBXNativeTarget;
			buildConfigurationList = 1828C6251F724ED100669C54 /* Build configuration list for PBXNativeTarget "gitTestDemo" */;
			buildPhases = (
				1828C5F51F724ED100669C54 /* Sources */,
				1828C5F61F724ED100669C54 /* Frameworks */,
				1828C5F71F724ED100669C54 /* Resources */,
			);
			buildRules = (
			);
			dependencies = (
			);
			name = gitTestDemo;
			productName = gitTestDemo;
			productReference = 1828C5F91F724ED100669C54 /* gitTestDemo.app */;
			productType = "com.apple.product-type.application";
		};
		1828C6101F724ED100669C54 /* gitTestDemoTests */ = {
			isa = PBXNativeTarget;
			buildConfigurationList = 1828C6281F724ED100669C54 /* Build configuration list for PBXNativeTarget "gitTestDemoTests" */;
			buildPhases = (
				1828C60D1F724ED100669C54 /* Sources */,
				1828C60E1F724ED100669C54 /* Frameworks */,
				1828C60F1F724ED100669C54 /* Resources */,
			);
			buildRules = (
			);
			dependencies = (
				1828C6131F724ED100669C54 /* PBXTargetDependency */,
			);
			name = gitTestDemoTests;
			productName = gitTestDemoTests;
			productReference = 1828C6111F724ED100669C54 /* gitTestDemoTests.xctest */;
			productType = "com.apple.product-type.bundle.unit-test";
		};
		1828C61B1F724ED100669C54 /* gitTestDemoUITests */ = {
			isa = PBXNativeTarget;
			buildConfigurationList = 1828C62B1F724ED100669C54 /* Build configuration list for PBXNativeTarget "gitTestDemoUITests" */;
			buildPhases = (
				1828C6181F724ED100669C54 /* Sources */,
				1828C6191F724ED100669C54 /* Frameworks */,
				1828C61A1F724ED100669C54 /* Resources */,
			);
			buildRules = (
			);
			dependencies = (
				1828C61E1F724ED100669C54 /* PBXTargetDependency */,
			);
			name = gitTestDemoUITests;
			productName = gitTestDemoUITests;
			productReference = 1828C61C1F724ED100669C54 /* gitTestDemoUITests.xctest */;
			productType = "com.apple.product-type.bundle.ui-testing";
		};
/* End PBXNativeTarget section */

/* Begin PBXProject section */
		1828C5F11F724ED100669C54 /* Project object */ = {
			isa = PBXProject;
			attributes = {
				LastUpgradeCheck = 0900;
				ORGANIZATIONNAME = tiantuo;
				TargetAttributes = {
					1828C5F81F724ED100669C54 = {
						CreatedOnToolsVersion = 9.0;
						ProvisioningStyle = Automatic;
					};
					1828C6101F724ED100669C54 = {
						CreatedOnToolsVersion = 9.0;
						ProvisioningStyle = Automatic;
						TestTargetID = 1828C5F81F724ED100669C54;
					};
					1828C61B1F724ED100669C54 = {
						CreatedOnToolsVersion = 9.0;
						ProvisioningStyle = Automatic;
						TestTargetID = 1828C5F81F724ED100669C54;
					};
				};
			};
			buildConfigurationList = 1828C5F41F724ED100669C54 /* Build configuration list for PBXProject "gitTestDemo" */;
			compatibilityVersion = "Xcode 8.0";
			developmentRegion = en;
			hasScannedForEncodings = 0;
			knownRegions = (
				en,
				Base,
			);
			mainGroup = 1828C5F01F724ED100669C54;
			productRefGroup = 1828C5FA1F724ED100669C54 /* Products */;
			projectDirPath = "";
			projectRoot = "";
			targets = (
				1828C5F81F724ED100669C54 /* gitTestDemo */,
				1828C6101F724ED100669C54 /* gitTestDemoTests */,
				1828C61B1F724ED100669C54 /* gitTestDemoUITests */,
			);
		};
/* End PBXProject section */

/* Begin PBXResourcesBuildPhase section */
		1828C5F71F724ED100669C54 /* Resources */ = {
			isa = PBXResourcesBuildPhase;
			buildActionMask = 2147483647;
			files = (
				1828C6091F724ED100669C54 /* LaunchScreen.storyboard in Resources */,
				1828C6061F724ED100669C54 /* Assets.xcassets in Resources */,
				1828C6041F724ED100669C54 /* Main.storyboard in Resources */,
			);
			runOnlyForDeploymentPostprocessing = 0;
		};
		1828C60F1F724ED100669C54 /* Resources */ = {
			isa = PBXResourcesBuildPhase;
			buildActionMask = 2147483647;
			files = (
			);
			runOnlyForDeploymentPostprocessing = 0;
		};
		1828C61A1F724ED100669C54 /* Resources */ = {
			isa = PBXResourcesBuildPhase;
			buildActionMask = 2147483647;
			files = (
			);
			runOnlyForDeploymentPostprocessing = 0;
		};
/* End PBXResourcesBuildPhase section */

/* Begin PBXSourcesBuildPhase section */
		1828C5F51F724ED100669C54 /* Sources */ = {
			isa = PBXSourcesBuildPhase;
			buildActionMask = 2147483647;
			files = (
				1828C6011F724ED100669C54 /* ViewController.m in Sources */,
				1828C60C1F724ED100669C54 /* main.m in Sources */,
				1828C5FE1F724ED100669C54 /* AppDelegate.m in Sources */,
			);
			runOnlyForDeploymentPostprocessing = 0;
		};
		1828C60D1F724ED100669C54 /* Sources */ = {
			isa = PBXSourcesBuildPhase;
			buildActionMask = 2147483647;
			files = (
				1828C6161F724ED100669C54 /* gitTestDemoTests.m in Sources */,
			);
			runOnlyForDeploymentPostprocessing = 0;
		};
		1828C6181F724ED100669C54 /* Sources */ = {
			isa = PBXSourcesBuildPhase;
			buildActionMask = 2147483647;
			files = (
				1828C6211F724ED100669C54 /* gitTestDemoUITests.m in Sources */,
			);
			runOnlyForDeploymentPostprocessing = 0;
		};
/* End PBXSourcesBuildPhase section */

/* Begin PBXTargetDependency section */
		1828C6131F724ED100669C54 /* PBXTargetDependency */ = {
			isa = PBXTargetDependency;
			target = 1828C5F81F724ED100669C54 /* gitTestDemo */;
			targetProxy = 1828C6121F724ED100669C54 /* PBXContainerItemProxy */;
		};
		1828C61E1F724ED100669C54 /* PBXTargetDependency */ = {
			isa = PBXTargetDependency;
			target = 1828C5F81F724ED100669C54 /* gitTestDemo */;
			targetProxy = 1828C61D1F724ED100669C54 /* PBXContainerItemProxy */;
		};
/* End PBXTargetDependency section */

/* Begin PBXVariantGroup section */
		1828C6021F724ED100669C54 /* Main.storyboard */ = {
			isa = PBXVariantGroup;
			children = (
				1828C6031F724ED100669C54 /* Base */,
			);
			name = Main.storyboard;
			sourceTree = "<group>";
		};
		1828C6071F724ED100669C54 /* LaunchScreen.storyboard */ = {
			isa = PBXVariantGroup;
			children = (
				1828C6081F724ED100669C54 /* Base */,
			);
			name = LaunchScreen.storyboard;
			sourceTree = "<group>";
		};
/* End PBXVariantGroup section */

/* Begin XCBuildConfiguration section */
		1828C6231F724ED100669C54 /* Debug */ = {
			isa = XCBuildConfiguration;
			buildSettings = {
				ALWAYS_SEARCH_USER_PATHS = NO;
				CLANG_ANALYZER_NONNULL = YES;
				CLANG_ANALYZER_NUMBER_OBJECT_CONVERSION = YES_AGGRESSIVE;
				CLANG_CXX_LANGUAGE_STANDARD = "gnu++14";
				CLANG_CXX_LIBRARY = "libc++";
				CLANG_ENABLE_MODULES = YES;
				CLANG_ENABLE_OBJC_ARC = YES;
				CLANG_WARN_BLOCK_CAPTURE_AUTORELEASING = YES;
				CLANG_WARN_BOOL_CONVERSION = YES;
				CLANG_WARN_COMMA = YES;
				CLANG_WARN_CONSTANT_CONVERSION = YES;
				CLANG_WARN_DIRECT_OBJC_ISA_USAGE = YES_ERROR;
				CLANG_WARN_DOCUMENTATION_COMMENTS = YES;
				CLANG_WARN_EMPTY_BODY = YES;
				CLANG_WARN_ENUM_CONVERSION = YES;
				CLANG_WARN_INFINITE_RECURSION = YES;
				CLANG_WARN_INT_CONVERSION = YES;
				CLANG_WARN_NON_LITERAL_NULL_CONVERSION = YES;
				CLANG_WARN_OBJC_LITERAL_CONVERSION = YES;
				CLANG_WARN_OBJC_ROOT_CLASS = YES_ERROR;
				CLANG_WARN_RANGE_LOOP_ANALYSIS = YES;
				CLANG_WARN_STRICT_PROTOTYPES = YES;
				CLANG_WARN_SUSPICIOUS_MOVE = YES;
				CLANG_WARN_UNGUARDED_AVAILABILITY = YES_AGGRESSIVE;
				CLANG_WARN_UNREACHABLE_CODE = YES;
				CLANG_WARN__DUPLICATE_METHOD_MATCH = YES;
				CODE_SIGN_IDENTITY = "iPhone Developer";
				COPY_PHASE_STRIP = NO;
				DEBUG_INFORMATION_FORMAT = dwarf;
				ENABLE_STRICT_OBJC_MSGSEND = YES;
				ENABLE_TESTABILITY = YES;
				GCC_C_LANGUAGE_STANDARD = gnu11;
				GCC_DYNAMIC_NO_PIC = NO;
				GCC_NO_COMMON_BLOCKS = YES;
				GCC_OPTIMIZATION_LEVEL = 0;
				GCC_PREPROCESSOR_DEFINITIONS = (
					"DEBUG=1",
					"$(inherited)",
				);
				GCC_WARN_64_TO_32_BIT_CONVERSION = YES;
				GCC_WARN_ABOUT_RETURN_TYPE = YES_ERROR;
				GCC_WARN_UNDECLARED_SELECTOR = YES;
				GCC_WARN_UNINITIALIZED_AUTOS = YES_AGGRESSIVE;
				GCC_WARN_UNUSED_FUNCTION = YES;
				GCC_WARN_UNUSED_VARIABLE = YES;
				IPHONEOS_DEPLOYMENT_TARGET = 11.0;
				MTL_ENABLE_DEBUG_INFO = YES;
				ONLY_ACTIVE_ARCH = YES;
				SDKROOT = iphoneos;
			};
			name = Debug;
		};
		1828C6241F724ED100669C54 /* Release */ = {
			isa = XCBuildConfiguration;
			buildSettings = {
				ALWAYS_SEARCH_USER_PATHS = NO;
				CLANG_ANALYZER_NONNULL = YES;
				CLANG_ANALYZER_NUMBER_OBJECT_CONVERSION = YES_AGGRESSIVE;
				CLANG_CXX_LANGUAGE_STANDARD = "gnu++14";
				CLANG_CXX_LIBRARY = "libc++";
				CLANG_ENABLE_MODULES = YES;
				CLANG_ENABLE_OBJC_ARC = YES;
				CLANG_WARN_BLOCK_CAPTURE_AUTORELEASING = YES;
				CLANG_WARN_BOOL_CONVERSION = YES;
				CLANG_WARN_COMMA = YES;
				CLANG_WARN_CONSTANT_CONVERSION = YES;
				CLANG_WARN_DIRECT_OBJC_ISA_USAGE = YES_ERROR;
				CLANG_WARN_DOCUMENTATION_COMMENTS = YES;
				CLANG_WARN_EMPTY_BODY = YES;
				CLANG_WARN_ENUM_CONVERSION = YES;
				CLANG_WARN_INFINITE_RECURSION = YES;
				CLANG_WARN_INT_CONVERSION = YES;
				CLANG_WARN_NON_LITERAL_NULL_CONVERSION = YES;
				CLANG_WARN_OBJC_LITERAL_CONVERSION = YES;
				CLANG_WARN_OBJC_ROOT_CLASS = YES_ERROR;
				CLANG_WARN_RANGE_LOOP_ANALYSIS = YES;
				CLANG_WARN_STRICT_PROTOTYPES = YES;
				CLANG_WARN_SUSPICIOUS_MOVE = YES;
				CLANG_WARN_UNGUARDED_AVAILABILITY = YES_AGGRESSIVE;
				CLANG_WARN_UNREACHABLE_CODE = YES;
				CLANG_WARN__DUPLICATE_METHOD_MATCH = YES;
				CODE_SIGN_IDENTITY = "iPhone Developer";
				COPY_PHASE_STRIP = NO;
				DEBUG_INFORMATION_FORMAT = "dwarf-with-dsym";
				ENABLE_NS_ASSERTIONS = NO;
				ENABLE_STRICT_OBJC_MSGSEND = YES;
				GCC_C_LANGUAGE_STANDARD = gnu11;
				GCC_NO_COMMON_BLOCKS = YES;
				GCC_WARN_64_TO_32_BIT_CONVERSION = YES;
				GCC_WARN_ABOUT_RETURN_TYPE = YES_ERROR;
				GCC_WARN_UNDECLARED_SELECTOR = YES;
				GCC_WARN_UNINITIALIZED_AUTOS = YES_AGGRESSIVE;
				GCC_WARN_UNUSED_FUNCTION = YES;
				GCC_WARN_UNUSED_VARIABLE = YES;
				IPHONEOS_DEPLOYMENT_TARGET = 11.0;
				MTL_ENABLE_DEBUG_INFO = NO;
				SDKROOT = iphoneos;
				VALIDATE_PRODUCT = YES;
			};
			name = Release;
		};
		1828C6261F724ED100669C54 /* Debug */ = {
			isa = XCBuildConfiguration;
			buildSettings = {
				ASSETCATALOG_COMPILER_APPICON_NAME = AppIcon;
				CODE_SIGN_STYLE = Automatic;
				DEVELOPMENT_TEAM = F9W64E56S5;
				INFOPLIST_FILE = gitTestDemo/Info.plist;
				IPHONEOS_DEPLOYMENT_TARGET = 9.0;
				LD_RUNPATH_SEARCH_PATHS = "$(inherited) @executable_path/Frameworks";
				PRODUCT_BUNDLE_IDENTIFIER = com.tiantuo.Football.gitTestDemo;
				PRODUCT_NAME = "$(TARGET_NAME)";
				TARGETED_DEVICE_FAMILY = "1,2";
			};
			name = Debug;
		};
		1828C6271F724ED100669C54 /* Release */ = {
			isa = XCBuildConfiguration;
			buildSettings = {
				ASSETCATALOG_COMPILER_APPICON_NAME = AppIcon;
				CODE_SIGN_STYLE = Automatic;
				DEVELOPMENT_TEAM = F9W64E56S5;
				INFOPLIST_FILE = gitTestDemo/Info.plist;
				IPHONEOS_DEPLOYMENT_TARGET = 9.0;
				LD_RUNPATH_SEARCH_PATHS = "$(inherited) @executable_path/Frameworks";
				PRODUCT_BUNDLE_IDENTIFIER = com.tiantuo.Football.gitTestDemo;
				PRODUCT_NAME = "$(TARGET_NAME)";
				TARGETED_DEVICE_FAMILY = "1,2";
			};
			name = Release;
		};
		1828C6291F724ED100669C54 /* Debug */ = {
			isa = XCBuildConfiguration;
			buildSettings = {
				BUNDLE_LOADER = "$(TEST_HOST)";
				CODE_SIGN_STYLE = Automatic;
				DEVELOPMENT_TEAM = F9W64E56S5;
				INFOPLIST_FILE = gitTestDemoTests/Info.plist;
				LD_RUNPATH_SEARCH_PATHS = "$(inherited) @executable_path/Frameworks @loader_path/Frameworks";
				PRODUCT_BUNDLE_IDENTIFIER = com.tiantuo.Football.gitTestDemoTests;
				PRODUCT_NAME = "$(TARGET_NAME)";
				TARGETED_DEVICE_FAMILY = "1,2";
				TEST_HOST = "$(BUILT_PRODUCTS_DIR)/gitTestDemo.app/gitTestDemo";
			};
			name = Debug;
		};
		1828C62A1F724ED100669C54 /* Release */ = {
			isa = XCBuildConfiguration;
			buildSettings = {
				BUNDLE_LOADER = "$(TEST_HOST)";
				CODE_SIGN_STYLE = Automatic;
				DEVELOPMENT_TEAM = F9W64E56S5;
				INFOPLIST_FILE = gitTestDemoTests/Info.plist;
				LD_RUNPATH_SEARCH_PATHS = "$(inherited) @executable_path/Frameworks @loader_path/Frameworks";
				PRODUCT_BUNDLE_IDENTIFIER = com.tiantuo.Football.gitTestDemoTests;
				PRODUCT_NAME = "$(TARGET_NAME)";
				TARGETED_DEVICE_FAMILY = "1,2";
				TEST_HOST = "$(BUILT_PRODUCTS_DIR)/gitTestDemo.app/gitTestDemo";
			};
			name = Release;
		};
		1828C62C1F724ED100669C54 /* Debug */ = {
			isa = XCBuildConfiguration;
			buildSettings = {
				CODE_SIGN_STYLE = Automatic;
				DEVELOPMENT_TEAM = F9W64E56S5;
				INFOPLIST_FILE = gitTestDemoUITests/Info.plist;
				LD_RUNPATH_SEARCH_PATHS = "$(inherited) @executable_path/Frameworks @loader_path/Frameworks";
				PRODUCT_BUNDLE_IDENTIFIER = com.tiantuo.Football.gitTestDemoUITests;
				PRODUCT_NAME = "$(TARGET_NAME)";
				TARGETED_DEVICE_FAMILY = "1,2";
				TEST_TARGET_NAME = gitTestDemo;
			};
			name = Debug;
		};
		1828C62D1F724ED100669C54 /* Release */ = {
			isa = XCBuildConfiguration;
			buildSettings = {
				CODE_SIGN_STYLE = Automatic;
				DEVELOPMENT_TEAM = F9W64E56S5;
				INFOPLIST_FILE = gitTestDemoUITests/Info.plist;
				LD_RUNPATH_SEARCH_PATHS = "$(inherited) @executable_path/Frameworks @loader_path/Frameworks";
				PRODUCT_BUNDLE_IDENTIFIER = com.tiantuo.Football.gitTestDemoUITests;
				PRODUCT_NAME = "$(TARGET_NAME)";
				TARGETED_DEVICE_FAMILY = "1,2";
				TEST_TARGET_NAME = gitTestDemo;
			};
			name = Release;
		};
/* End XCBuildConfiguration section */

/* Begin XCConfigurationList section */
		1828C5F41F724ED100669C54 /* Build configuration list for PBXProject "gitTestDemo" */ = {
			isa = XCConfigurationList;
			buildConfigurations = (
				1828C6231F724ED100669C54 /* Debug */,
				1828C6241F724ED100669C54 /* Release */,
			);
			defaultConfigurationIsVisible = 0;
			defaultConfigurationName = Release;
		};
		1828C6251F724ED100669C54 /* Build configuration list for PBXNativeTarget "gitTestDemo" */ = {
			isa = XCConfigurationList;
			buildConfigurations = (
				1828C6261F724ED100669C54 /* Debug */,
				1828C6271F724ED100669C54 /* Release */,
			);
			defaultConfigurationIsVisible = 0;
			defaultConfigurationName = Release;
		};
		1828C6281F724ED100669C54 /* Build configuration list for PBXNativeTarget "gitTestDemoTests" */ = {
			isa = XCConfigurationList;
			buildConfigurations = (
				1828C6291F724ED100669C54 /* Debug */,
				1828C62A1F724ED100669C54 /* Release */,
			);
			defaultConfigurationIsVisible = 0;
			defaultConfigurationName = Release;
		};
		1828C62B1F724ED100669C54 /* Build configuration list for PBXNativeTarget "gitTestDemoUITests" */ = {
			isa = XCConfigurationList;
			buildConfigurations = (
				1828C62C1F724ED100669C54 /* Debug */,
				1828C62D1F724ED100669C54 /* Release */,
			);
			defaultConfigurationIsVisible = 0;
			defaultConfigurationName = Release;
		};
/* End XCConfigurationList section */
	};
	rootObject = 1828C5F11F724ED100669C54 /* Project object */;
}
